
Microsoft Visual Studio Solution File, Format Version 12.00
# Visual Studio 14
VisualStudioVersion = 14.0.24720.0
MinimumVisualStudioVersion = 10.0.40219.1
Project("{2150E333-8FDC-42A3-9474-1A3956D46DE8}") = "src", "src", "{CC44EA1F-FE83-4152-949D-9F584DEE2333}"
EndProject
Project("{2150E333-8FDC-42A3-9474-1A3956D46DE8}") = "Solution Items", "Solution Items", "{C3F9E038-BA79-4115-B84B-41EB99C71666}"
	ProjectSection(SolutionItems) = preProject
		global.json = global.json
	EndProjectSection
EndProject
Project("{8BB2217D-0F2D-49D1-97BC-3654ED321F3B}") = "GsVacancy.Web", "src\GsVacancy.Web\GsVacancy.Web.xproj", "{B28E4DF6-9EBA-4B53-9A9F-0F1469B64301}"
EndProject
Project("{2150E333-8FDC-42A3-9474-1A3956D46DE8}") = "DAL", "DAL", "{B8DD42B5-21A3-4002-A8A3-127AA3C24F0F}"
EndProject
Project("{2150E333-8FDC-42A3-9474-1A3956D46DE8}") = "BLL", "BLL", "{5C81894C-6181-48C1-998A-13C9E23A8CCD}"
EndProject
Project("{8BB2217D-0F2D-49D1-97BC-3654ED321F3B}") = "GsVacancy.BLL", "GsVacancy.BLL\GsVacancy.BLL.xproj", "{216DE846-C9C2-4EA7-B0D3-D9F660B40BA4}"
EndProject
Project("{8BB2217D-0F2D-49D1-97BC-3654ED321F3B}") = "GsVacancy.DAL", "GsVacancy.DAL\GsVacancy.DAL.xproj", "{454620DC-E8DE-4CCF-BF1E-04C01F0636C7}"
EndProject
Project("{8BB2217D-0F2D-49D1-97BC-3654ED321F3B}") = "MSSuxx", "MSSuxx\MSSuxx.xproj", "{AC1B4049-F4A8-459F-99C9-6F29B1EFCC5F}"
EndProject
Global
	GlobalSection(SolutionConfigurationPlatforms) = preSolution
		Debug|Any CPU = Debug|Any CPU
		Release|Any CPU = Release|Any CPU
	EndGlobalSection
	GlobalSection(ProjectConfigurationPlatforms) = postSolution
		{B28E4DF6-9EBA-4B53-9A9F-0F1469B64301}.Debug|Any CPU.ActiveCfg = Debug|Any CPU
		{B28E4DF6-9EBA-4B53-9A9F-0F1469B64301}.Debug|Any CPU.Build.0 = Debug|Any CPU
		{B28E4DF6-9EBA-4B53-9A9F-0F1469B64301}.Release|Any CPU.ActiveCfg = Release|Any CPU
		{B28E4DF6-9EBA-4B53-9A9F-0F1469B64301}.Release|Any CPU.Build.0 = Release|Any CPU
		{216DE846-C9C2-4EA7-B0D3-D9F660B40BA4}.Debug|Any CPU.ActiveCfg = Debug|Any CPU
		{216DE846-C9C2-4EA7-B0D3-D9F660B40BA4}.Debug|Any CPU.Build.0 = Debug|Any CPU
		{216DE846-C9C2-4EA7-B0D3-D9F660B40BA4}.Release|Any CPU.ActiveCfg = Release|Any CPU
		{216DE846-C9C2-4EA7-B0D3-D9F660B40BA4}.Release|Any CPU.Build.0 = Release|Any CPU
		{454620DC-E8DE-4CCF-BF1E-04C01F0636C7}.Debug|Any CPU.ActiveCfg = Debug|Any CPU
		{454620DC-E8DE-4CCF-BF1E-04C01F0636C7}.Debug|Any CPU.Build.0 = Debug|Any CPU
		{454620DC-E8DE-4CCF-BF1E-04C01F0636C7}.Release|Any CPU.ActiveCfg = Release|Any CPU
		{454620DC-E8DE-4CCF-BF1E-04C01F0636C7}.Release|Any CPU.Build.0 = Release|Any CPU
		{AC1B4049-F4A8-459F-99C9-6F29B1EFCC5F}.Debug|Any CPU.ActiveCfg = Debug|Any CPU
		{AC1B4049-F4A8-459F-99C9-6F29B1EFCC5F}.Debug|Any CPU.Build.0 = Debug|Any CPU
		{AC1B4049-F4A8-459F-99C9-6F29B1EFCC5F}.Release|Any CPU.ActiveCfg = Release|Any CPU
		{AC1B4049-F4A8-459F-99C9-6F29B1EFCC5F}.Release|Any CPU.Build.0 = Release|Any CPU
	EndGlobalSection
	GlobalSection(SolutionProperties) = preSolution
		HideSolutionNode = FALSE
	EndGlobalSection
	GlobalSection(NestedProjects) = preSolution
		{B28E4DF6-9EBA-4B53-9A9F-0F1469B64301} = {CC44EA1F-FE83-4152-949D-9F584DEE2333}
		{B8DD42B5-21A3-4002-A8A3-127AA3C24F0F} = {CC44EA1F-FE83-4152-949D-9F584DEE2333}
		{5C81894C-6181-48C1-998A-13C9E23A8CCD} = {CC44EA1F-FE83-4152-949D-9F584DEE2333}
		{216DE846-C9C2-4EA7-B0D3-D9F660B40BA4} = {5C81894C-6181-48C1-998A-13C9E23A8CCD}
		{454620DC-E8DE-4CCF-BF1E-04C01F0636C7} = {B8DD42B5-21A3-4002-A8A3-127AA3C24F0F}
		{AC1B4049-F4A8-459F-99C9-6F29B1EFCC5F} = {CC44EA1F-FE83-4152-949D-9F584DEE2333}
	EndGlobalSection
EndGlobal
